
Microsoft Visual Studio Solution File, Format Version 12.00
# Visual Studio 2013
VisualStudioVersion = 12.0.31101.0
MinimumVisualStudioVersion = 10.0.40219.1
Project("{FAE04EC0-301F-11D3-BF4B-00C04F79EFBC}") = "TwitterApi", "TwitterApi\TwitterApi.csproj", "{52F2D94D-C05A-4D4A-AAB2-178E898A031C}"
EndProject
Project("{FAE04EC0-301F-11D3-BF4B-00C04F79EFBC}") = "RxTwitterSample", "RxTwitterSample\RxTwitterSample.csproj", "{99700664-3497-4B18-BE17-2E5AF15668AB}"
EndProject
Project("{FAE04EC0-301F-11D3-BF4B-00C04F79EFBC}") = "TwitterApi.Tests", "TwitterApi.Tests\TwitterApi.Tests.csproj", "{3CC9D114-C9C2-4CE5-83E3-A5402076B455}"
EndProject
Project("{FAE04EC0-301F-11D3-BF4B-00C04F79EFBC}") = "RxTwitterSample.Tests", "RxTwitterSample.Tests\RxTwitterSample.Tests.csproj", "{065BD266-41F8-4186-810A-62B4A3C464DD}"
EndProject
Global
	GlobalSection(SolutionConfigurationPlatforms) = preSolution
		Debug|Any CPU = Debug|Any CPU
		Release|Any CPU = Release|Any CPU
	EndGlobalSection
	GlobalSection(ProjectConfigurationPlatforms) = postSolution
		{52F2D94D-C05A-4D4A-AAB2-178E898A031C}.Debug|Any CPU.ActiveCfg = Debug|Any CPU
		{52F2D94D-C05A-4D4A-AAB2-178E898A031C}.Debug|Any CPU.Build.0 = Debug|Any CPU
		{52F2D94D-C05A-4D4A-AAB2-178E898A031C}.Release|Any CPU.ActiveCfg = Release|Any CPU
		{52F2D94D-C05A-4D4A-AAB2-178E898A031C}.Release|Any CPU.Build.0 = Release|Any CPU
		{99700664-3497-4B18-BE17-2E5AF15668AB}.Debug|Any CPU.ActiveCfg = Debug|Any CPU
		{99700664-3497-4B18-BE17-2E5AF15668AB}.Debug|Any CPU.Build.0 = Debug|Any CPU
		{99700664-3497-4B18-BE17-2E5AF15668AB}.Release|Any CPU.ActiveCfg = Release|Any CPU
		{99700664-3497-4B18-BE17-2E5AF15668AB}.Release|Any CPU.Build.0 = Release|Any CPU
		{3CC9D114-C9C2-4CE5-83E3-A5402076B455}.Debug|Any CPU.ActiveCfg = Debug|Any CPU
		{3CC9D114-C9C2-4CE5-83E3-A5402076B455}.Debug|Any CPU.Build.0 = Debug|Any CPU
		{3CC9D114-C9C2-4CE5-83E3-A5402076B455}.Release|Any CPU.ActiveCfg = Release|Any CPU
		{3CC9D114-C9C2-4CE5-83E3-A5402076B455}.Release|Any CPU.Build.0 = Release|Any CPU
		{065BD266-41F8-4186-810A-62B4A3C464DD}.Debug|Any CPU.ActiveCfg = Debug|Any CPU
		{065BD266-41F8-4186-810A-62B4A3C464DD}.Debug|Any CPU.Build.0 = Debug|Any CPU
		{065BD266-41F8-4186-810A-62B4A3C464DD}.Release|Any CPU.ActiveCfg = Release|Any CPU
		{065BD266-41F8-4186-810A-62B4A3C464DD}.Release|Any CPU.Build.0 = Release|Any CPU
	EndGlobalSection
	GlobalSection(SolutionProperties) = preSolution
		HideSolutionNode = FALSE
	EndGlobalSection
EndGlobal
